{
    "_meta": {
        "hash": {
            "sha256": "fa3d33b9ca4d178f7b5456a3fa342cb1e08caa0de1667d80a747e4a4547485f5"
        },
        "pipfile-spec": 6,
        "requires": {
            "python_version": "3.9"
        },
        "sources": [
            {
                "name": "pypi",
                "url": "https://pypi.org/simple",
                "verify_ssl": true
            }
        ]
    },
    "default": {
        "flask-discord": {
            "editable": true,
            "git": "https://github.com/weibeu/Flask-Discord.git",
            "ref": "v9"
        },
        "pymongo": {
            "extras": [
                "srv"
            ],
            "version": "*"
        },
        "sentry-sdk": {
            "extras": [
                "flask"
            ],
            "version": "*"
        }
    },
    "develop": {}
}
