# THIS IS AN AUTOGENERATED FILE. DO NOT EDIT THIS FILE DIRECTLY.
# yarn lockfile v1


animate.css@^4.1.1:
  version "4.1.1"
  resolved "https://registry.yarnpkg.com/animate.css/-/animate.css-4.1.1.tgz#614ec5a81131d7e4dc362a58143f7406abd68075"
  integrity sha512-+mRmCTv6SbCmtYJCN4faJMNFVNN5EuCTTprDTAo7YzIGji2KADmakjVA3+8mVDkZ2Bf09vayB35lSQIex2+QaQ==

core-js@^3.19.0:
  version "3.26.1"
  resolved "https://registry.yarnpkg.com/core-js/-/core-js-3.26.1.tgz#7a9816dabd9ee846c1c0fe0e8fcad68f3709134e"
  integrity sha512-21491RRQVzUn0GGM9Z1Jrpr6PNPxPi+Za8OM9q4tksTSnlbXXGKK1nXNg/QvwFYettXvSX6zWKCtHHfjN4puyA==

highlight@^0.2.4:
  version "0.2.4"
  resolved "https://registry.yarnpkg.com/highlight/-/highlight-0.2.4.tgz#8ac02875b03f5935e0675852b76cfe1fd58e0dff"
  integrity sha512-TEcWU6BolpDYIaVD91KmaYe/kRZwOmQlLWZGO8DK+Cs555+7mawk2KUnF/dBwcLnrvlCDk/xC+BXfz7Zva+Jfg==

jquery@3.3.1:
  version "3.3.1"
  resolved "https://registry.yarnpkg.com/jquery/-/jquery-3.3.1.tgz#958ce29e81c9790f31be7792df5d4d95fc57fbca"
  integrity sha512-Ubldcmxp5np52/ENotGxlLe6aGMvmF4R8S6tZjsP6Knsaxd/xp3Zrh50cG93lR6nPXyUFwzN3ZSOQI0wRJNdGg==

materialize-css@^1.0.0:
  version "1.0.0"
  resolved "https://registry.yarnpkg.com/materialize-css/-/materialize-css-1.0.0.tgz#8d5db1c4a81c6d65f3b2e2ca83a8e08daa24d1be"
  integrity sha512-4/oecXl8y/1i8RDZvyvwAICyqwNoKU4or5uf8uoAd74k76KzZ0Llym4zhJ5lLNUskcqjO0AuMcvNyDkpz8Z6zw==
